// !$*UTF8*$!
{
	archiveVersion = 1;
	classes = {
	};
	objectVersion = 55;
	objects = {

/* Begin PBXBuildFile section */
		B55429C4289BC9CE0092636E /* ProductDetail.h in Headers */ = {isa = PBXBuildFile; fileRef = B55429C3289BC9CE0092636E /* ProductDetail.h */; settings = {ATTRIBUTES = (Public, ); }; };
		B55429D0289BCACB0092636E /* ProductDetailPageViewController.swift in Sources */ = {isa = PBXBuildFile; fileRef = B55429CE289BCACB0092636E /* ProductDetailPageViewController.swift */; };
		B55429D1289BCACB0092636E /* ProductDetailPageViewController.xib in Resources */ = {isa = PBXBuildFile; fileRef = B55429CF289BCACB0092636E /* ProductDetailPageViewController.xib */; };
		B55429D4289BCB670092636E /* Shared.framework in Frameworks */ = {isa = PBXBuildFile; fileRef = B55429D3289BCB670092636E /* Shared.framework */; };
		B55429D5289BCB670092636E /* Shared.framework in Embed Frameworks */ = {isa = PBXBuildFile; fileRef = B55429D3289BCB670092636E /* Shared.framework */; settings = {ATTRIBUTES = (CodeSignOnCopy, RemoveHeadersOnCopy, ); }; };
		B5BB8055289C09FD006EC51C /* ProductDetail.framework in Frameworks */ = {isa = PBXBuildFile; fileRef = B55429C0289BC9CE0092636E /* ProductDetail.framework */; };
		B5BB8056289C09FD006EC51C /* ProductDetail.framework in Embed Frameworks */ = {isa = PBXBuildFile; fileRef = B55429C0289BC9CE0092636E /* ProductDetail.framework */; settings = {ATTRIBUTES = (CodeSignOnCopy, RemoveHeadersOnCopy, ); }; };
		B5D33D79289C083200F41B31 /* AppDelegate.swift in Sources */ = {isa = PBXBuildFile; fileRef = B5D33D78289C083200F41B31 /* AppDelegate.swift */; };
		B5D33D7B289C083200F41B31 /* SceneDelegate.swift in Sources */ = {isa = PBXBuildFile; fileRef = B5D33D7A289C083200F41B31 /* SceneDelegate.swift */; };
		B5D33D82289C083300F41B31 /* Assets.xcassets in Resources */ = {isa = PBXBuildFile; fileRef = B5D33D81289C083300F41B31 /* Assets.xcassets */; };
		B5D33D85289C083300F41B31 /* LaunchScreen.storyboard in Resources */ = {isa = PBXBuildFile; fileRef = B5D33D83289C083300F41B31 /* LaunchScreen.storyboard */; };
/* End PBXBuildFile section */

/* Begin PBXContainerItemProxy section */
		B5BB8057289C09FD006EC51C /* PBXContainerItemProxy */ = {
			isa = PBXContainerItemProxy;
			containerPortal = B55429B7289BC9CE0092636E /* Project object */;
			proxyType = 1;
			remoteGlobalIDString = B55429BF289BC9CE0092636E;
			remoteInfo = ProductDetail;
		};
/* End PBXContainerItemProxy section */

/* Begin PBXCopyFilesBuildPhase section */
		B55429D6289BCB670092636E /* Embed Frameworks */ = {
			isa = PBXCopyFilesBuildPhase;
			buildActionMask = 2147483647;
			dstPath = "";
			dstSubfolderSpec = 10;
			files = (
				B55429D5289BCB670092636E /* Shared.framework in Embed Frameworks */,
			);
			name = "Embed Frameworks";
			runOnlyForDeploymentPostprocessing = 0;
		};
		B5BB8059289C09FD006EC51C /* Embed Frameworks */ = {
			isa = PBXCopyFilesBuildPhase;
			buildActionMask = 2147483647;
			dstPath = "";
			dstSubfolderSpec = 10;
			files = (
				B5BB8056289C09FD006EC51C /* ProductDetail.framework in Embed Frameworks */,
			);
			name = "Embed Frameworks";
			runOnlyForDeploymentPostprocessing = 0;
		};
/* End PBXCopyFilesBuildPhase section */

/* Begin PBXFileReference section */
		B55429C0289BC9CE0092636E /* ProductDetail.framework */ = {isa = PBXFileReference; explicitFileType = wrapper.framework; includeInIndex = 0; path = ProductDetail.framework; sourceTree = BUILT_PRODUCTS_DIR; };
		B55429C3289BC9CE0092636E /* ProductDetail.h */ = {isa = PBXFileReference; lastKnownFileType = sourcecode.c.h; path = ProductDetail.h; sourceTree = "<group>"; };
		B55429CE289BCACB0092636E /* ProductDetailPageViewController.swift */ = {isa = PBXFileReference; fileEncoding = 4; lastKnownFileType = sourcecode.swift; path = ProductDetailPageViewController.swift; sourceTree = "<group>"; };
		B55429CF289BCACB0092636E /* ProductDetailPageViewController.xib */ = {isa = PBXFileReference; fileEncoding = 4; lastKnownFileType = file.xib; path = ProductDetailPageViewController.xib; sourceTree = "<group>"; };
		B55429D3289BCB670092636E /* Shared.framework */ = {isa = PBXFileReference; explicitFileType = wrapper.framework; path = Shared.framework; sourceTree = BUILT_PRODUCTS_DIR; };
		B5D33D76289C083200F41B31 /* ProductDetailSample.app */ = {isa = PBXFileReference; explicitFileType = wrapper.application; includeInIndex = 0; path = ProductDetailSample.app; sourceTree = BUILT_PRODUCTS_DIR; };
		B5D33D78289C083200F41B31 /* AppDelegate.swift */ = {isa = PBXFileReference; lastKnownFileType = sourcecode.swift; path = AppDelegate.swift; sourceTree = "<group>"; };
		B5D33D7A289C083200F41B31 /* SceneDelegate.swift */ = {isa = PBXFileReference; lastKnownFileType = sourcecode.swift; path = SceneDelegate.swift; sourceTree = "<group>"; };
		B5D33D81289C083300F41B31 /* Assets.xcassets */ = {isa = PBXFileReference; lastKnownFileType = folder.assetcatalog; path = Assets.xcassets; sourceTree = "<group>"; };
		B5D33D84289C083300F41B31 /* Base */ = {isa = PBXFileReference; lastKnownFileType = file.storyboard; name = Base; path = Base.lproj/LaunchScreen.storyboard; sourceTree = "<group>"; };
		B5D33D86289C083300F41B31 /* Info.plist */ = {isa = PBXFileReference; lastKnownFileType = text.plist.xml; path = Info.plist; sourceTree = "<group>"; };
/* End PBXFileReference section */

/* Begin PBXFrameworksBuildPhase section */
		B55429BD289BC9CE0092636E /* Frameworks */ = {
			isa = PBXFrameworksBuildPhase;
			buildActionMask = 2147483647;
			files = (
				B55429D4289BCB670092636E /* Shared.framework in Frameworks */,
			);
			runOnlyForDeploymentPostprocessing = 0;
		};
		B5D33D73289C083200F41B31 /* Frameworks */ = {
			isa = PBXFrameworksBuildPhase;
			buildActionMask = 2147483647;
			files = (
				B5BB8055289C09FD006EC51C /* ProductDetail.framework in Frameworks */,
			);
			runOnlyForDeploymentPostprocessing = 0;
		};
/* End PBXFrameworksBuildPhase section */

/* Begin PBXGroup section */
		B55429B6289BC9CE0092636E = {
			isa = PBXGroup;
			children = (
				B55429C2289BC9CE0092636E /* ProductDetail */,
				B5D33D77289C083200F41B31 /* ProductDetailSample */,
				B55429C1289BC9CE0092636E /* Products */,
				B55429D2289BCB670092636E /* Frameworks */,
			);
			sourceTree = "<group>";
		};
		B55429C1289BC9CE0092636E /* Products */ = {
			isa = PBXGroup;
			children = (
				B55429C0289BC9CE0092636E /* ProductDetail.framework */,
				B5D33D76289C083200F41B31 /* ProductDetailSample.app */,
			);
			name = Products;
			sourceTree = "<group>";
		};
		B55429C2289BC9CE0092636E /* ProductDetail */ = {
			isa = PBXGroup;
			children = (
				B55429CE289BCACB0092636E /* ProductDetailPageViewController.swift */,
				B55429CF289BCACB0092636E /* ProductDetailPageViewController.xib */,
				B55429C3289BC9CE0092636E /* ProductDetail.h */,
			);
			path = ProductDetail;
			sourceTree = "<group>";
		};
		B55429D2289BCB670092636E /* Frameworks */ = {
			isa = PBXGroup;
			children = (
				B55429D3289BCB670092636E /* Shared.framework */,
			);
			name = Frameworks;
			sourceTree = "<group>";
		};
		B5D33D77289C083200F41B31 /* ProductDetailSample */ = {
			isa = PBXGroup;
			children = (
				B5D33D78289C083200F41B31 /* AppDelegate.swift */,
				B5D33D7A289C083200F41B31 /* SceneDelegate.swift */,
				B5D33D81289C083300F41B31 /* Assets.xcassets */,
				B5D33D83289C083300F41B31 /* LaunchScreen.storyboard */,
				B5D33D86289C083300F41B31 /* Info.plist */,
			);
			path = ProductDetailSample;
			sourceTree = "<group>";
		};
/* End PBXGroup section */

/* Begin PBXHeadersBuildPhase section */
		B55429BB289BC9CE0092636E /* Headers */ = {
			isa = PBXHeadersBuildPhase;
			buildActionMask = 2147483647;
			files = (
				B55429C4289BC9CE0092636E /* ProductDetail.h in Headers */,
			);
			runOnlyForDeploymentPostprocessing = 0;
		};
/* End PBXHeadersBuildPhase section */

/* Begin PBXNativeTarget section */
		B55429BF289BC9CE0092636E /* ProductDetail */ = {
			isa = PBXNativeTarget;
			buildConfigurationList = B55429C7289BC9CE0092636E /* Build configuration list for PBXNativeTarget "ProductDetail" */;
			buildPhases = (
				B55429BB289BC9CE0092636E /* Headers */,
				B55429BC289BC9CE0092636E /* Sources */,
				B55429BD289BC9CE0092636E /* Frameworks */,
				B55429BE289BC9CE0092636E /* Resources */,
				B55429D6289BCB670092636E /* Embed Frameworks */,
			);
			buildRules = (
			);
			dependencies = (
			);
			name = ProductDetail;
			productName = ProductDetail;
			productReference = B55429C0289BC9CE0092636E /* ProductDetail.framework */;
			productType = "com.apple.product-type.framework";
		};
		B5D33D75289C083200F41B31 /* ProductDetailSample */ = {
			isa = PBXNativeTarget;
			buildConfigurationList = B5D33D89289C083300F41B31 /* Build configuration list for PBXNativeTarget "ProductDetailSample" */;
			buildPhases = (
				B5D33D72289C083200F41B31 /* Sources */,
				B5D33D73289C083200F41B31 /* Frameworks */,
				B5D33D74289C083200F41B31 /* Resources */,
				B5BB8059289C09FD006EC51C /* Embed Frameworks */,
			);
			buildRules = (
			);
			dependencies = (
				B5BB8058289C09FD006EC51C /* PBXTargetDependency */,
			);
			name = ProductDetailSample;
			productName = ProductDetailSample;
			productReference = B5D33D76289C083200F41B31 /* ProductDetailSample.app */;
			productType = "com.apple.product-type.application";
		};
/* End PBXNativeTarget section */

/* Begin PBXProject section */
		B55429B7289BC9CE0092636E /* Project object */ = {
			isa = PBXProject;
			attributes = {
				BuildIndependentTargetsInParallel = 1;
				LastSwiftUpdateCheck = 1300;
				LastUpgradeCheck = 1300;
				TargetAttributes = {
					B55429BF289BC9CE0092636E = {
						CreatedOnToolsVersion = 13.0;
						LastSwiftMigration = 1300;
					};
					B5D33D75289C083200F41B31 = {
						CreatedOnToolsVersion = 13.0;
					};
				};
			};
			buildConfigurationList = B55429BA289BC9CE0092636E /* Build configuration list for PBXProject "ProductDetail" */;
			compatibilityVersion = "Xcode 13.0";
			developmentRegion = en;
			hasScannedForEncodings = 0;
			knownRegions = (
				en,
				Base,
			);
			mainGroup = B55429B6289BC9CE0092636E;
			productRefGroup = B55429C1289BC9CE0092636E /* Products */;
			projectDirPath = "";
			projectRoot = "";
			targets = (
				B55429BF289BC9CE0092636E /* ProductDetail */,
				B5D33D75289C083200F41B31 /* ProductDetailSample */,
			);
		};
/* End PBXProject section */

/* Begin PBXResourcesBuildPhase section */
		B55429BE289BC9CE0092636E /* Resources */ = {
			isa = PBXResourcesBuildPhase;
			buildActionMask = 2147483647;
			files = (
				B55429D1289BCACB0092636E /* ProductDetailPageViewController.xib in Resources */,
			);
			runOnlyForDeploymentPostprocessing = 0;
		};
		B5D33D74289C083200F41B31 /* Resources */ = {
			isa = PBXResourcesBuildPhase;
			buildActionMask = 2147483647;
			files = (
				B5D33D85289C083300F41B31 /* LaunchScreen.storyboard in Resources */,
				B5D33D82289C083300F41B31 /* Assets.xcassets in Resources */,
			);
			runOnlyForDeploymentPostprocessing = 0;
		};
/* End PBXResourcesBuildPhase section */

/* Begin PBXSourcesBuildPhase section */
		B55429BC289BC9CE0092636E /* Sources */ = {
			isa = PBXSourcesBuildPhase;
			buildActionMask = 2147483647;
			files = (
				B55429D0289BCACB0092636E /* ProductDetailPageViewController.swift in Sources */,
			);
			runOnlyForDeploymentPostprocessing = 0;
		};
		B5D33D72289C083200F41B31 /* Sources */ = {
			isa = PBXSourcesBuildPhase;
			buildActionMask = 2147483647;
			files = (
				B5D33D79289C083200F41B31 /* AppDelegate.swift in Sources */,
				B5D33D7B289C083200F41B31 /* SceneDelegate.swift in Sources */,
			);
			runOnlyForDeploymentPostprocessing = 0;
		};
/* End PBXSourcesBuildPhase section */

/* Begin PBXTargetDependency section */
		B5BB8058289C09FD006EC51C /* PBXTargetDependency */ = {
			isa = PBXTargetDependency;
			target = B55429BF289BC9CE0092636E /* ProductDetail */;
			targetProxy = B5BB8057289C09FD006EC51C /* PBXContainerItemProxy */;
		};
/* End PBXTargetDependency section */

/* Begin PBXVariantGroup section */
		B5D33D83289C083300F41B31 /* LaunchScreen.storyboard */ = {
			isa = PBXVariantGroup;
			children = (
				B5D33D84289C083300F41B31 /* Base */,
			);
			name = LaunchScreen.storyboard;
			sourceTree = "<group>";
		};
/* End PBXVariantGroup section */

/* Begin XCBuildConfiguration section */
		B55429C5289BC9CE0092636E /* Debug */ = {
			isa = XCBuildConfiguration;
			buildSettings = {
				ALWAYS_SEARCH_USER_PATHS = NO;
				CLANG_ANALYZER_NONNULL = YES;
				CLANG_ANALYZER_NUMBER_OBJECT_CONVERSION = YES_AGGRESSIVE;
				CLANG_CXX_LANGUAGE_STANDARD = "gnu++17";
				CLANG_CXX_LIBRARY = "libc++";
				CLANG_ENABLE_MODULES = YES;
				CLANG_ENABLE_OBJC_ARC = YES;
				CLANG_ENABLE_OBJC_WEAK = YES;
				CLANG_WARN_BLOCK_CAPTURE_AUTORELEASING = YES;
				CLANG_WARN_BOOL_CONVERSION = YES;
				CLANG_WARN_COMMA = YES;
				CLANG_WARN_CONSTANT_CONVERSION = YES;
				CLANG_WARN_DEPRECATED_OBJC_IMPLEMENTATIONS = YES;
				CLANG_WARN_DIRECT_OBJC_ISA_USAGE = YES_ERROR;
				CLANG_WARN_DOCUMENTATION_COMMENTS = YES;
				CLANG_WARN_EMPTY_BODY = YES;
				CLANG_WARN_ENUM_CONVERSION = YES;
				CLANG_WARN_INFINITE_RECURSION = YES;
				CLANG_WARN_INT_CONVERSION = YES;
				CLANG_WARN_NON_LITERAL_NULL_CONVERSION = YES;
				CLANG_WARN_OBJC_IMPLICIT_RETAIN_SELF = YES;
				CLANG_WARN_OBJC_LITERAL_CONVERSION = YES;
				CLANG_WARN_OBJC_ROOT_CLASS = YES_ERROR;
				CLANG_WARN_QUOTED_INCLUDE_IN_FRAMEWORK_HEADER = YES;
				CLANG_WARN_RANGE_LOOP_ANALYSIS = YES;
				CLANG_WARN_STRICT_PROTOTYPES = YES;
				CLANG_WARN_SUSPICIOUS_MOVE = YES;
				CLANG_WARN_UNGUARDED_AVAILABILITY = YES_AGGRESSIVE;
				CLANG_WARN_UNREACHABLE_CODE = YES;
				CLANG_WARN__DUPLICATE_METHOD_MATCH = YES;
				COPY_PHASE_STRIP = NO;
				CURRENT_PROJECT_VERSION = 1;
				DEBUG_INFORMATION_FORMAT = dwarf;
				ENABLE_STRICT_OBJC_MSGSEND = YES;
				ENABLE_TESTABILITY = YES;
				GCC_C_LANGUAGE_STANDARD = gnu11;
				GCC_DYNAMIC_NO_PIC = NO;
				GCC_NO_COMMON_BLOCKS = YES;
				GCC_OPTIMIZATION_LEVEL = 0;
				GCC_PREPROCESSOR_DEFINITIONS = (
					"DEBUG=1",
					"$(inherited)",
				);
				GCC_WARN_64_TO_32_BIT_CONVERSION = YES;
				GCC_WARN_ABOUT_RETURN_TYPE = YES_ERROR;
				GCC_WARN_UNDECLARED_SELECTOR = YES;
				GCC_WARN_UNINITIALIZED_AUTOS = YES_AGGRESSIVE;
				GCC_WARN_UNUSED_FUNCTION = YES;
				GCC_WARN_UNUSED_VARIABLE = YES;
				IPHONEOS_DEPLOYMENT_TARGET = 15.0;
				MTL_ENABLE_DEBUG_INFO = INCLUDE_SOURCE;
				MTL_FAST_MATH = YES;
				ONLY_ACTIVE_ARCH = YES;
				SDKROOT = iphoneos;
				SWIFT_ACTIVE_COMPILATION_CONDITIONS = DEBUG;
				SWIFT_OPTIMIZATION_LEVEL = "-Onone";
				VERSIONING_SYSTEM = "apple-generic";
				VERSION_INFO_PREFIX = "";
			};
			name = Debug;
		};
		B55429C6289BC9CE0092636E /* Release */ = {
			isa = XCBuildConfiguration;
			buildSettings = {
				ALWAYS_SEARCH_USER_PATHS = NO;
				CLANG_ANALYZER_NONNULL = YES;
				CLANG_ANALYZER_NUMBER_OBJECT_CONVERSION = YES_AGGRESSIVE;
				CLANG_CXX_LANGUAGE_STANDARD = "gnu++17";
				CLANG_CXX_LIBRARY = "libc++";
				CLANG_ENABLE_MODULES = YES;
				CLANG_ENABLE_OBJC_ARC = YES;
				CLANG_ENABLE_OBJC_WEAK = YES;
				CLANG_WARN_BLOCK_CAPTURE_AUTORELEASING = YES;
				CLANG_WARN_BOOL_CONVERSION = YES;
				CLANG_WARN_COMMA = YES;
				CLANG_WARN_CONSTANT_CONVERSION = YES;
				CLANG_WARN_DEPRECATED_OBJC_IMPLEMENTATIONS = YES;
				CLANG_WARN_DIRECT_OBJC_ISA_USAGE = YES_ERROR;
				CLANG_WARN_DOCUMENTATION_COMMENTS = YES;
				CLANG_WARN_EMPTY_BODY = YES;
				CLANG_WARN_ENUM_CONVERSION = YES;
				CLANG_WARN_INFINITE_RECURSION = YES;
				CLANG_WARN_INT_CONVERSION = YES;
				CLANG_WARN_NON_LITERAL_NULL_CONVERSION = YES;
				CLANG_WARN_OBJC_IMPLICIT_RETAIN_SELF = YES;
				CLANG_WARN_OBJC_LITERAL_CONVERSION = YES;
				CLANG_WARN_OBJC_ROOT_CLASS = YES_ERROR;
				CLANG_WARN_QUOTED_INCLUDE_IN_FRAMEWORK_HEADER = YES;
				CLANG_WARN_RANGE_LOOP_ANALYSIS = YES;
				CLANG_WARN_STRICT_PROTOTYPES = YES;
				CLANG_WARN_SUSPICIOUS_MOVE = YES;
				CLANG_WARN_UNGUARDED_AVAILABILITY = YES_AGGRESSIVE;
				CLANG_WARN_UNREACHABLE_CODE = YES;
				CLANG_WARN__DUPLICATE_METHOD_MATCH = YES;
				COPY_PHASE_STRIP = NO;
				CURRENT_PROJECT_VERSION = 1;
				DEBUG_INFORMATION_FORMAT = "dwarf-with-dsym";
				ENABLE_NS_ASSERTIONS = NO;
				ENABLE_STRICT_OBJC_MSGSEND = YES;
				GCC_C_LANGUAGE_STANDARD = gnu11;
				GCC_NO_COMMON_BLOCKS = YES;
				GCC_WARN_64_TO_32_BIT_CONVERSION = YES;
				GCC_WARN_ABOUT_RETURN_TYPE = YES_ERROR;
				GCC_WARN_UNDECLARED_SELECTOR = YES;
				GCC_WARN_UNINITIALIZED_AUTOS = YES_AGGRESSIVE;
				GCC_WARN_UNUSED_FUNCTION = YES;
				GCC_WARN_UNUSED_VARIABLE = YES;
				IPHONEOS_DEPLOYMENT_TARGET = 15.0;
				MTL_ENABLE_DEBUG_INFO = NO;
				MTL_FAST_MATH = YES;
				SDKROOT = iphoneos;
				SWIFT_COMPILATION_MODE = wholemodule;
				SWIFT_OPTIMIZATION_LEVEL = "-O";
				VALIDATE_PRODUCT = YES;
				VERSIONING_SYSTEM = "apple-generic";
				VERSION_INFO_PREFIX = "";
			};
			name = Release;
		};
		B55429C8289BC9CE0092636E /* Debug */ = {
			isa = XCBuildConfiguration;
			buildSettings = {
				CLANG_ENABLE_MODULES = YES;
				CODE_SIGN_STYLE = Automatic;
				CURRENT_PROJECT_VERSION = 1;
				DEFINES_MODULE = YES;
				DEVELOPMENT_TEAM = BAD847M22D;
				DYLIB_COMPATIBILITY_VERSION = 1;
				DYLIB_CURRENT_VERSION = 1;
				DYLIB_INSTALL_NAME_BASE = "@rpath";
				GENERATE_INFOPLIST_FILE = YES;
				INFOPLIST_KEY_NSHumanReadableCopyright = "";
				INSTALL_PATH = "$(LOCAL_LIBRARY_DIR)/Frameworks";
				LD_RUNPATH_SEARCH_PATHS = (
					"$(inherited)",
					"@executable_path/Frameworks",
					"@loader_path/Frameworks",
				);
				MARKETING_VERSION = 1.0;
				PRODUCT_BUNDLE_IDENTIFIER = com.aryasurya.ProductDetail;
				PRODUCT_NAME = "$(TARGET_NAME:c99extidentifier)";
				SKIP_INSTALL = YES;
				SWIFT_EMIT_LOC_STRINGS = YES;
				SWIFT_OPTIMIZATION_LEVEL = "-Onone";
				SWIFT_VERSION = 5.0;
				TARGETED_DEVICE_FAMILY = "1,2";
			};
			name = Debug;
		};
		B55429C9289BC9CE0092636E /* Release */ = {
			isa = XCBuildConfiguration;
			buildSettings = {
				CLANG_ENABLE_MODULES = YES;
				CODE_SIGN_STYLE = Automatic;
				CURRENT_PROJECT_VERSION = 1;
				DEFINES_MODULE = YES;
				DEVELOPMENT_TEAM = BAD847M22D;
				DYLIB_COMPATIBILITY_VERSION = 1;
				DYLIB_CURRENT_VERSION = 1;
				DYLIB_INSTALL_NAME_BASE = "@rpath";
				GENERATE_INFOPLIST_FILE = YES;
				INFOPLIST_KEY_NSHumanReadableCopyright = "";
				INSTALL_PATH = "$(LOCAL_LIBRARY_DIR)/Frameworks";
				LD_RUNPATH_SEARCH_PATHS = (
					"$(inherited)",
					"@executable_path/Frameworks",
					"@loader_path/Frameworks",
				);
				MARKETING_VERSION = 1.0;
				PRODUCT_BUNDLE_IDENTIFIER = com.aryasurya.ProductDetail;
				PRODUCT_NAME = "$(TARGET_NAME:c99extidentifier)";
				SKIP_INSTALL = YES;
				SWIFT_EMIT_LOC_STRINGS = YES;
				SWIFT_VERSION = 5.0;
				TARGETED_DEVICE_FAMILY = "1,2";
			};
			name = Release;
		};
		B5D33D87289C083300F41B31 /* Debug */ = {
			isa = XCBuildConfiguration;
			buildSettings = {
				ASSETCATALOG_COMPILER_APPICON_NAME = AppIcon;
				ASSETCATALOG_COMPILER_GLOBAL_ACCENT_COLOR_NAME = AccentColor;
				CODE_SIGN_STYLE = Automatic;
				CURRENT_PROJECT_VERSION = 1;
				DEVELOPMENT_TEAM = BAD847M22D;
				GENERATE_INFOPLIST_FILE = YES;
				INFOPLIST_FILE = ProductDetailSample/Info.plist;
				INFOPLIST_KEY_UIApplicationSupportsIndirectInputEvents = YES;
				INFOPLIST_KEY_UILaunchStoryboardName = LaunchScreen;
				INFOPLIST_KEY_UISupportedInterfaceOrientations_iPad = "UIInterfaceOrientationPortrait UIInterfaceOrientationPortraitUpsideDown UIInterfaceOrientationLandscapeLeft UIInterfaceOrientationLandscapeRight";
				INFOPLIST_KEY_UISupportedInterfaceOrientations_iPhone = "UIInterfaceOrientationPortrait UIInterfaceOrientationLandscapeLeft UIInterfaceOrientationLandscapeRight";
				LD_RUNPATH_SEARCH_PATHS = (
					"$(inherited)",
					"@executable_path/Frameworks",
				);
				MARKETING_VERSION = 1.0;
				PRODUCT_BUNDLE_IDENTIFIER = com.aryasurya.ProductDetailSample;
				PRODUCT_NAME = "$(TARGET_NAME)";
				SWIFT_EMIT_LOC_STRINGS = YES;
				SWIFT_VERSION = 5.0;
				TARGETED_DEVICE_FAMILY = "1,2";
			};
			name = Debug;
		};
		B5D33D88289C083300F41B31 /* Release */ = {
			isa = XCBuildConfiguration;
			buildSettings = {
				ASSETCATALOG_COMPILER_APPICON_NAME = AppIcon;
				ASSETCATALOG_COMPILER_GLOBAL_ACCENT_COLOR_NAME = AccentColor;
				CODE_SIGN_STYLE = Automatic;
				CURRENT_PROJECT_VERSION = 1;
				DEVELOPMENT_TEAM = BAD847M22D;
				GENERATE_INFOPLIST_FILE = YES;
				INFOPLIST_FILE = ProductDetailSample/Info.plist;
				INFOPLIST_KEY_UIApplicationSupportsIndirectInputEvents = YES;
				INFOPLIST_KEY_UILaunchStoryboardName = LaunchScreen;
				INFOPLIST_KEY_UISupportedInterfaceOrientations_iPad = "UIInterfaceOrientationPortrait UIInterfaceOrientationPortraitUpsideDown UIInterfaceOrientationLandscapeLeft UIInterfaceOrientationLandscapeRight";
				INFOPLIST_KEY_UISupportedInterfaceOrientations_iPhone = "UIInterfaceOrientationPortrait UIInterfaceOrientationLandscapeLeft UIInterfaceOrientationLandscapeRight";
				LD_RUNPATH_SEARCH_PATHS = (
					"$(inherited)",
					"@executable_path/Frameworks",
				);
				MARKETING_VERSION = 1.0;
				PRODUCT_BUNDLE_IDENTIFIER = com.aryasurya.ProductDetailSample;
				PRODUCT_NAME = "$(TARGET_NAME)";
				SWIFT_EMIT_LOC_STRINGS = YES;
				SWIFT_VERSION = 5.0;
				TARGETED_DEVICE_FAMILY = "1,2";
			};
			name = Release;
		};
/* End XCBuildConfiguration section */

/* Begin XCConfigurationList section */
		B55429BA289BC9CE0092636E /* Build configuration list for PBXProject "ProductDetail" */ = {
			isa = XCConfigurationList;
			buildConfigurations = (
				B55429C5289BC9CE0092636E /* Debug */,
				B55429C6289BC9CE0092636E /* Release */,
			);
			defaultConfigurationIsVisible = 0;
			defaultConfigurationName = Release;
		};
		B55429C7289BC9CE0092636E /* Build configuration list for PBXNativeTarget "ProductDetail" */ = {
			isa = XCConfigurationList;
			buildConfigurations = (
				B55429C8289BC9CE0092636E /* Debug */,
				B55429C9289BC9CE0092636E /* Release */,
			);
			defaultConfigurationIsVisible = 0;
			defaultConfigurationName = Release;
		};
		B5D33D89289C083300F41B31 /* Build configuration list for PBXNativeTarget "ProductDetailSample" */ = {
			isa = XCConfigurationList;
			buildConfigurations = (
				B5D33D87289C083300F41B31 /* Debug */,
				B5D33D88289C083300F41B31 /* Release */,
			);
			defaultConfigurationIsVisible = 0;
			defaultConfigurationName = Release;
		};
/* End XCConfigurationList section */
	};
	rootObject = B55429B7289BC9CE0092636E /* Project object */;
}
